PODS:
  - MBProgressHUD (1.0.0)
  - SafeData (0.1.1)

DEPENDENCIES:
  - MBProgressHUD (= 1.0.0)
  - SafeData

SPEC CHECKSUMS:
  MBProgressHUD: 4890f671c94e8a0f3cf959aa731e9de2f036d71a
  SafeData: b4a15ccb2b42d1a6d22c6df5455cc678ba26e2d4

PODFILE CHECKSUM: 0185d8c1f55557de7ba2abf78af9d00d049a52b2

COCOAPODS: 1.2.1
