// !$*UTF8*$!
{
	archiveVersion = 1;
	classes = {
	};
	objectVersion = 46;
	objects = {

/* Begin PBXBuildFile section */
		1E1079442464082000E7B06A /* NSAttributedString+SPSize.m in Sources */ = {isa = PBXBuildFile; fileRef = 1E1079432464082000E7B06A /* NSAttributedString+SPSize.m */; };
		1E10795B246408E900E7B06A /* UIImageView+SPAction.m in Sources */ = {isa = PBXBuildFile; fileRef = 1E107945246408E700E7B06A /* UIImageView+SPAction.m */; };
		1E10795C246408E900E7B06A /* UIView+SPAction.m in Sources */ = {isa = PBXBuildFile; fileRef = 1E107946246408E700E7B06A /* UIView+SPAction.m */; };
		1E10795D246408E900E7B06A /* UIButton+SPEdges.m in Sources */ = {isa = PBXBuildFile; fileRef = 1E107947246408E700E7B06A /* UIButton+SPEdges.m */; };
		1E10795E246408E900E7B06A /* UIButton+SPAction.m in Sources */ = {isa = PBXBuildFile; fileRef = 1E107948246408E700E7B06A /* UIButton+SPAction.m */; };
		1E10795F246408E900E7B06A /* UITableView+SPNoData.m in Sources */ = {isa = PBXBuildFile; fileRef = 1E10794A246408E800E7B06A /* UITableView+SPNoData.m */; };
		1E107960246408E900E7B06A /* UIView+SPReuseIdentifier.m in Sources */ = {isa = PBXBuildFile; fileRef = 1E10794C246408E800E7B06A /* UIView+SPReuseIdentifier.m */; };
		1E107961246408E900E7B06A /* UITableView+SPInit.m in Sources */ = {isa = PBXBuildFile; fileRef = 1E107950246408E800E7B06A /* UITableView+SPInit.m */; };
		1E107962246408E900E7B06A /* UIImage+SPBase64.m in Sources */ = {isa = PBXBuildFile; fileRef = 1E107952246408E800E7B06A /* UIImage+SPBase64.m */; };
		1E107963246408E900E7B06A /* UICollectionView+SPNoData.m in Sources */ = {isa = PBXBuildFile; fileRef = 1E107953246408E800E7B06A /* UICollectionView+SPNoData.m */; };
		1E107964246408E900E7B06A /* UILabel+SPAction.m in Sources */ = {isa = PBXBuildFile; fileRef = 1E107955246408E800E7B06A /* UILabel+SPAction.m */; };
		1E107965246408E900E7B06A /* UIView+SPBorder.m in Sources */ = {isa = PBXBuildFile; fileRef = 1E107959246408E900E7B06A /* UIView+SPBorder.m */; };
		1E49780024656E8F00AE6158 /* UINavigationController+SPGestureRecognizer.m in Sources */ = {isa = PBXBuildFile; fileRef = 1E4977FF24656E8F00AE6158 /* UINavigationController+SPGestureRecognizer.m */; };
		1EB5F50820204BBC00007899 /* UITableViewCell+SPReuseIdentifier.m in Sources */ = {isa = PBXBuildFile; fileRef = 1EB5F50720204BBC00007899 /* UITableViewCell+SPReuseIdentifier.m */; };
		33A4D3381F73ED5B001CF006 /* pika3.gif in Resources */ = {isa = PBXBuildFile; fileRef = 33A4D3371F73ED5B001CF006 /* pika3.gif */; };
		33A4D3401F74E74D001CF006 /* test.gif in Resources */ = {isa = PBXBuildFile; fileRef = 33A4D33F1F74E74D001CF006 /* test.gif */; };
		6DF90F21BE83B6025A025C8E /* libPods-SPCategory.a in Frameworks */ = {isa = PBXBuildFile; fileRef = 5D4B090F07846901E60B5FE6 /* libPods-SPCategory.a */; };
		92C4DE54231D21C00099823C /* NSObject+SPTypeOfClass.m in Sources */ = {isa = PBXBuildFile; fileRef = 92C4DE53231D21C00099823C /* NSObject+SPTypeOfClass.m */; };
		9669DF8E1FC6946F0087B5BE /* NSString+SPSize.m in Sources */ = {isa = PBXBuildFile; fileRef = 9669DF7A1FC6946E0087B5BE /* NSString+SPSize.m */; };
		9669DF8F1FC6946F0087B5BE /* UIView+SPFrame.m in Sources */ = {isa = PBXBuildFile; fileRef = 9669DF7B1FC6946E0087B5BE /* UIView+SPFrame.m */; };
		9669DF901FC6946F0087B5BE /* UIViewController+SPStatusBarStyle.m in Sources */ = {isa = PBXBuildFile; fileRef = 9669DF7D1FC6946E0087B5BE /* UIViewController+SPStatusBarStyle.m */; };
		9669DF911FC6946F0087B5BE /* UIImage+SPGIF.m in Sources */ = {isa = PBXBuildFile; fileRef = 9669DF7F1FC6946E0087B5BE /* UIImage+SPGIF.m */; };
		9669DF921FC6946F0087B5BE /* NSString+SPEnCode.m in Sources */ = {isa = PBXBuildFile; fileRef = 9669DF801FC6946E0087B5BE /* NSString+SPEnCode.m */; };
		9669DF931FC6946F0087B5BE /* UIViewController+SPErrorView.m in Sources */ = {isa = PBXBuildFile; fileRef = 9669DF811FC6946E0087B5BE /* UIViewController+SPErrorView.m */; };
		9669DF941FC6946F0087B5BE /* UIViewController+SPNavigationBarStyle.m in Sources */ = {isa = PBXBuildFile; fileRef = 9669DF831FC6946E0087B5BE /* UIViewController+SPNavigationBarStyle.m */; };
		9669DF951FC6946F0087B5BE /* NSData+SPBase64.m in Sources */ = {isa = PBXBuildFile; fileRef = 9669DF841FC6946E0087B5BE /* NSData+SPBase64.m */; };
		9669DF961FC6946F0087B5BE /* SPErrorView.m in Sources */ = {isa = PBXBuildFile; fileRef = 9669DF8A1FC6946F0087B5BE /* SPErrorView.m */; };
		9669DF971FC6946F0087B5BE /* UIViewController+SPHUD.m in Sources */ = {isa = PBXBuildFile; fileRef = 9669DF8B1FC6946F0087B5BE /* UIViewController+SPHUD.m */; };
		9669DF9C1FC695020087B5BE /* UIViewController+SPUIAlertController.m in Sources */ = {isa = PBXBuildFile; fileRef = 9669DF9B1FC695020087B5BE /* UIViewController+SPUIAlertController.m */; };
		9674C19D1FE3C4B300A9583E /* NSObject+SPAssociatedObject.m in Sources */ = {isa = PBXBuildFile; fileRef = 9674C19B1FE3C4B100A9583E /* NSObject+SPAssociatedObject.m */; };
		9674C1A01FE3C76A00A9583E /* NSDate+SPTransform.m in Sources */ = {isa = PBXBuildFile; fileRef = 9674C19F1FE3C76A00A9583E /* NSDate+SPTransform.m */; };
		9674C1A31FE3C9B900A9583E /* NSString+SPMultiLanguage.m in Sources */ = {isa = PBXBuildFile; fileRef = 9674C1A11FE3C9B800A9583E /* NSString+SPMultiLanguage.m */; };
		9674C1A61FE3CB0500A9583E /* NSUserDefaults+SPSafe.m in Sources */ = {isa = PBXBuildFile; fileRef = 9674C1A41FE3CB0400A9583E /* NSUserDefaults+SPSafe.m */; };
		9674C1A91FE3CE4F00A9583E /* SPTypeTransform.m in Sources */ = {isa = PBXBuildFile; fileRef = 9674C1A71FE3CE4E00A9583E /* SPTypeTransform.m */; };
		E130116A1ED1C75100661705 /* main.m in Sources */ = {isa = PBXBuildFile; fileRef = E13011691ED1C75100661705 /* main.m */; };
		E130116D1ED1C75100661705 /* AppDelegate.m in Sources */ = {isa = PBXBuildFile; fileRef = E130116C1ED1C75100661705 /* AppDelegate.m */; };
		E13011701ED1C75100661705 /* ViewController.m in Sources */ = {isa = PBXBuildFile; fileRef = E130116F1ED1C75100661705 /* ViewController.m */; };
		E13011731ED1C75100661705 /* Main.storyboard in Resources */ = {isa = PBXBuildFile; fileRef = E13011711ED1C75100661705 /* Main.storyboard */; };
		E13011751ED1C75100661705 /* Assets.xcassets in Resources */ = {isa = PBXBuildFile; fileRef = E13011741ED1C75100661705 /* Assets.xcassets */; };
		E13011781ED1C75100661705 /* LaunchScreen.storyboard in Resources */ = {isa = PBXBuildFile; fileRef = E13011761ED1C75100661705 /* LaunchScreen.storyboard */; };
		E1AB12891F20DE6400CA9ABD /* SPCategory.bundle in Resources */ = {isa = PBXBuildFile; fileRef = E1AB12881F20DE6400CA9ABD /* SPCategory.bundle */; };
/* End PBXBuildFile section */

/* Begin PBXFileReference section */
		0157726AEB35BFD18C1D3A74 /* Pods-SPCategory.debug.xcconfig */ = {isa = PBXFileReference; includeInIndex = 1; lastKnownFileType = text.xcconfig; name = "Pods-SPCategory.debug.xcconfig"; path = "Pods/Target Support Files/Pods-SPCategory/Pods-SPCategory.debug.xcconfig"; sourceTree = "<group>"; };
		1E1079422464082000E7B06A /* NSAttributedString+SPSize.h */ = {isa = PBXFileReference; fileEncoding = 4; lastKnownFileType = sourcecode.c.h; path = "NSAttributedString+SPSize.h"; sourceTree = "<group>"; };
		1E1079432464082000E7B06A /* NSAttributedString+SPSize.m */ = {isa = PBXFileReference; fileEncoding = 4; lastKnownFileType = sourcecode.c.objc; path = "NSAttributedString+SPSize.m"; sourceTree = "<group>"; };
		1E107945246408E700E7B06A /* UIImageView+SPAction.m */ = {isa = PBXFileReference; fileEncoding = 4; lastKnownFileType = sourcecode.c.objc; path = "UIImageView+SPAction.m"; sourceTree = "<group>"; };
		1E107946246408E700E7B06A /* UIView+SPAction.m */ = {isa = PBXFileReference; fileEncoding = 4; lastKnownFileType = sourcecode.c.objc; path = "UIView+SPAction.m"; sourceTree = "<group>"; };
		1E107947246408E700E7B06A /* UIButton+SPEdges.m */ = {isa = PBXFileReference; fileEncoding = 4; lastKnownFileType = sourcecode.c.objc; path = "UIButton+SPEdges.m"; sourceTree = "<group>"; };
		1E107948246408E700E7B06A /* UIButton+SPAction.m */ = {isa = PBXFileReference; fileEncoding = 4; lastKnownFileType = sourcecode.c.objc; path = "UIButton+SPAction.m"; sourceTree = "<group>"; };
		1E107949246408E800E7B06A /* UITableView+SPNoData.h */ = {isa = PBXFileReference; fileEncoding = 4; lastKnownFileType = sourcecode.c.h; path = "UITableView+SPNoData.h"; sourceTree = "<group>"; };
		1E10794A246408E800E7B06A /* UITableView+SPNoData.m */ = {isa = PBXFileReference; fileEncoding = 4; lastKnownFileType = sourcecode.c.objc; path = "UITableView+SPNoData.m"; sourceTree = "<group>"; };
		1E10794B246408E800E7B06A /* UIView+SPReuseIdentifier.h */ = {isa = PBXFileReference; fileEncoding = 4; lastKnownFileType = sourcecode.c.h; path = "UIView+SPReuseIdentifier.h"; sourceTree = "<group>"; };
		1E10794C246408E800E7B06A /* UIView+SPReuseIdentifier.m */ = {isa = PBXFileReference; fileEncoding = 4; lastKnownFileType = sourcecode.c.objc; path = "UIView+SPReuseIdentifier.m"; sourceTree = "<group>"; };
		1E10794D246408E800E7B06A /* UICollectionView+SPNoData.h */ = {isa = PBXFileReference; fileEncoding = 4; lastKnownFileType = sourcecode.c.h; path = "UICollectionView+SPNoData.h"; sourceTree = "<group>"; };
		1E10794E246408E800E7B06A /* UIButton+SPAction.h */ = {isa = PBXFileReference; fileEncoding = 4; lastKnownFileType = sourcecode.c.h; path = "UIButton+SPAction.h"; sourceTree = "<group>"; };
		1E10794F246408E800E7B06A /* UITableView+SPInit.h */ = {isa = PBXFileReference; fileEncoding = 4; lastKnownFileType = sourcecode.c.h; path = "UITableView+SPInit.h"; sourceTree = "<group>"; };
		1E107950246408E800E7B06A /* UITableView+SPInit.m */ = {isa = PBXFileReference; fileEncoding = 4; lastKnownFileType = sourcecode.c.objc; path = "UITableView+SPInit.m"; sourceTree = "<group>"; };
		1E107951246408E800E7B06A /* UIView+SPBorder.h */ = {isa = PBXFileReference; fileEncoding = 4; lastKnownFileType = sourcecode.c.h; path = "UIView+SPBorder.h"; sourceTree = "<group>"; };
		1E107952246408E800E7B06A /* UIImage+SPBase64.m */ = {isa = PBXFileReference; fileEncoding = 4; lastKnownFileType = sourcecode.c.objc; path = "UIImage+SPBase64.m"; sourceTree = "<group>"; };
		1E107953246408E800E7B06A /* UICollectionView+SPNoData.m */ = {isa = PBXFileReference; fileEncoding = 4; lastKnownFileType = sourcecode.c.objc; path = "UICollectionView+SPNoData.m"; sourceTree = "<group>"; };
		1E107954246408E800E7B06A /* UIImage+SPBase64.h */ = {isa = PBXFileReference; fileEncoding = 4; lastKnownFileType = sourcecode.c.h; path = "UIImage+SPBase64.h"; sourceTree = "<group>"; };
		1E107955246408E800E7B06A /* UILabel+SPAction.m */ = {isa = PBXFileReference; fileEncoding = 4; lastKnownFileType = sourcecode.c.objc; path = "UILabel+SPAction.m"; sourceTree = "<group>"; };
		1E107956246408E800E7B06A /* UIButton+SPEdges.h */ = {isa = PBXFileReference; fileEncoding = 4; lastKnownFileType = sourcecode.c.h; path = "UIButton+SPEdges.h"; sourceTree = "<group>"; };
		1E107957246408E800E7B06A /* UILabel+SPAction.h */ = {isa = PBXFileReference; fileEncoding = 4; lastKnownFileType = sourcecode.c.h; path = "UILabel+SPAction.h"; sourceTree = "<group>"; };
		1E107958246408E800E7B06A /* UIView+SPAction.h */ = {isa = PBXFileReference; fileEncoding = 4; lastKnownFileType = sourcecode.c.h; path = "UIView+SPAction.h"; sourceTree = "<group>"; };
		1E107959246408E900E7B06A /* UIView+SPBorder.m */ = {isa = PBXFileReference; fileEncoding = 4; lastKnownFileType = sourcecode.c.objc; path = "UIView+SPBorder.m"; sourceTree = "<group>"; };
		1E10795A246408E900E7B06A /* UIImageView+SPAction.h */ = {isa = PBXFileReference; fileEncoding = 4; lastKnownFileType = sourcecode.c.h; path = "UIImageView+SPAction.h"; sourceTree = "<group>"; };
		1E4977FE24656E8F00AE6158 /* UINavigationController+SPGestureRecognizer.h */ = {isa = PBXFileReference; lastKnownFileType = sourcecode.c.h; path = "UINavigationController+SPGestureRecognizer.h"; sourceTree = "<group>"; };
		1E4977FF24656E8F00AE6158 /* UINavigationController+SPGestureRecognizer.m */ = {isa = PBXFileReference; lastKnownFileType = sourcecode.c.objc; path = "UINavigationController+SPGestureRecognizer.m"; sourceTree = "<group>"; };
		1E948250208F667400B5F82C /* SPCategory.h */ = {isa = PBXFileReference; lastKnownFileType = sourcecode.c.h; path = SPCategory.h; sourceTree = "<group>"; };
		1EB5F50620204BBC00007899 /* UITableViewCell+SPReuseIdentifier.h */ = {isa = PBXFileReference; lastKnownFileType = sourcecode.c.h; path = "UITableViewCell+SPReuseIdentifier.h"; sourceTree = "<group>"; };
		1EB5F50720204BBC00007899 /* UITableViewCell+SPReuseIdentifier.m */ = {isa = PBXFileReference; lastKnownFileType = sourcecode.c.objc; path = "UITableViewCell+SPReuseIdentifier.m"; sourceTree = "<group>"; };
		1EDE9D0E2464219E002EB46C /* SPBlockDefine.h */ = {isa = PBXFileReference; fileEncoding = 4; lastKnownFileType = sourcecode.c.h; path = SPBlockDefine.h; sourceTree = "<group>"; };
		33A4D3371F73ED5B001CF006 /* pika3.gif */ = {isa = PBXFileReference; lastKnownFileType = image.gif; path = pika3.gif; sourceTree = "<group>"; };
		33A4D33F1F74E74D001CF006 /* test.gif */ = {isa = PBXFileReference; lastKnownFileType = image.gif; path = test.gif; sourceTree = "<group>"; };
		5D4B090F07846901E60B5FE6 /* libPods-SPCategory.a */ = {isa = PBXFileReference; explicitFileType = archive.ar; includeInIndex = 0; path = "libPods-SPCategory.a"; sourceTree = BUILT_PRODUCTS_DIR; };
		92C4DE52231D21C00099823C /* NSObject+SPTypeOfClass.h */ = {isa = PBXFileReference; lastKnownFileType = sourcecode.c.h; path = "NSObject+SPTypeOfClass.h"; sourceTree = "<group>"; };
		92C4DE53231D21C00099823C /* NSObject+SPTypeOfClass.m */ = {isa = PBXFileReference; lastKnownFileType = sourcecode.c.objc; path = "NSObject+SPTypeOfClass.m"; sourceTree = "<group>"; };
		9669DF7A1FC6946E0087B5BE /* NSString+SPSize.m */ = {isa = PBXFileReference; fileEncoding = 4; lastKnownFileType = sourcecode.c.objc; path = "NSString+SPSize.m"; sourceTree = "<group>"; };
		9669DF7B1FC6946E0087B5BE /* UIView+SPFrame.m */ = {isa = PBXFileReference; fileEncoding = 4; lastKnownFileType = sourcecode.c.objc; path = "UIView+SPFrame.m"; sourceTree = "<group>"; };
		9669DF7C1FC6946E0087B5BE /* UIViewController+SPErrorView.h */ = {isa = PBXFileReference; fileEncoding = 4; lastKnownFileType = sourcecode.c.h; path = "UIViewController+SPErrorView.h"; sourceTree = "<group>"; };
		9669DF7D1FC6946E0087B5BE /* UIViewController+SPStatusBarStyle.m */ = {isa = PBXFileReference; fileEncoding = 4; lastKnownFileType = sourcecode.c.objc; path = "UIViewController+SPStatusBarStyle.m"; sourceTree = "<group>"; };
		9669DF7E1FC6946E0087B5BE /* UIViewController+SPStatusBarStyle.h */ = {isa = PBXFileReference; fileEncoding = 4; lastKnownFileType = sourcecode.c.h; path = "UIViewController+SPStatusBarStyle.h"; sourceTree = "<group>"; };
		9669DF7F1FC6946E0087B5BE /* UIImage+SPGIF.m */ = {isa = PBXFileReference; fileEncoding = 4; lastKnownFileType = sourcecode.c.objc; path = "UIImage+SPGIF.m"; sourceTree = "<group>"; };
		9669DF801FC6946E0087B5BE /* NSString+SPEnCode.m */ = {isa = PBXFileReference; fileEncoding = 4; lastKnownFileType = sourcecode.c.objc; path = "NSString+SPEnCode.m"; sourceTree = "<group>"; };
		9669DF811FC6946E0087B5BE /* UIViewController+SPErrorView.m */ = {isa = PBXFileReference; fileEncoding = 4; lastKnownFileType = sourcecode.c.objc; path = "UIViewController+SPErrorView.m"; sourceTree = "<group>"; };
		9669DF821FC6946E0087B5BE /* UIView+SPFrame.h */ = {isa = PBXFileReference; fileEncoding = 4; lastKnownFileType = sourcecode.c.h; path = "UIView+SPFrame.h"; sourceTree = "<group>"; };
		9669DF831FC6946E0087B5BE /* UIViewController+SPNavigationBarStyle.m */ = {isa = PBXFileReference; fileEncoding = 4; lastKnownFileType = sourcecode.c.objc; path = "UIViewController+SPNavigationBarStyle.m"; sourceTree = "<group>"; };
		9669DF841FC6946E0087B5BE /* NSData+SPBase64.m */ = {isa = PBXFileReference; fileEncoding = 4; lastKnownFileType = sourcecode.c.objc; path = "NSData+SPBase64.m"; sourceTree = "<group>"; };
		9669DF851FC6946E0087B5BE /* NSData+SPBase64.h */ = {isa = PBXFileReference; fileEncoding = 4; lastKnownFileType = sourcecode.c.h; path = "NSData+SPBase64.h"; sourceTree = "<group>"; };
		9669DF861FC6946E0087B5BE /* UIViewController+SPNavigationBarStyle.h */ = {isa = PBXFileReference; fileEncoding = 4; lastKnownFileType = sourcecode.c.h; path = "UIViewController+SPNavigationBarStyle.h"; sourceTree = "<group>"; };
		9669DF871FC6946E0087B5BE /* NSString+SPSize.h */ = {isa = PBXFileReference; fileEncoding = 4; lastKnownFileType = sourcecode.c.h; path = "NSString+SPSize.h"; sourceTree = "<group>"; };
		9669DF881FC6946E0087B5BE /* UIViewController+SPHUD.h */ = {isa = PBXFileReference; fileEncoding = 4; lastKnownFileType = sourcecode.c.h; path = "UIViewController+SPHUD.h"; sourceTree = "<group>"; };
		9669DF891FC6946F0087B5BE /* NSString+SPEnCode.h */ = {isa = PBXFileReference; fileEncoding = 4; lastKnownFileType = sourcecode.c.h; path = "NSString+SPEnCode.h"; sourceTree = "<group>"; };
		9669DF8A1FC6946F0087B5BE /* SPErrorView.m */ = {isa = PBXFileReference; fileEncoding = 4; lastKnownFileType = sourcecode.c.objc; path = SPErrorView.m; sourceTree = "<group>"; };
		9669DF8B1FC6946F0087B5BE /* UIViewController+SPHUD.m */ = {isa = PBXFileReference; fileEncoding = 4; lastKnownFileType = sourcecode.c.objc; path = "UIViewController+SPHUD.m"; sourceTree = "<group>"; };
		9669DF8C1FC6946F0087B5BE /* SPErrorView.h */ = {isa = PBXFileReference; fileEncoding = 4; lastKnownFileType = sourcecode.c.h; path = SPErrorView.h; sourceTree = "<group>"; };
		9669DF8D1FC6946F0087B5BE /* UIImage+SPGIF.h */ = {isa = PBXFileReference; fileEncoding = 4; lastKnownFileType = sourcecode.c.h; path = "UIImage+SPGIF.h"; sourceTree = "<group>"; };
		9669DF9A1FC695010087B5BE /* UIViewController+SPUIAlertController.h */ = {isa = PBXFileReference; fileEncoding = 4; lastKnownFileType = sourcecode.c.h; path = "UIViewController+SPUIAlertController.h"; sourceTree = "<group>"; };
		9669DF9B1FC695020087B5BE /* UIViewController+SPUIAlertController.m */ = {isa = PBXFileReference; fileEncoding = 4; lastKnownFileType = sourcecode.c.objc; path = "UIViewController+SPUIAlertController.m"; sourceTree = "<group>"; };
		9674C19B1FE3C4B100A9583E /* NSObject+SPAssociatedObject.m */ = {isa = PBXFileReference; fileEncoding = 4; lastKnownFileType = sourcecode.c.objc; path = "NSObject+SPAssociatedObject.m"; sourceTree = "<group>"; };
		9674C19C1FE3C4B200A9583E /* NSObject+SPAssociatedObject.h */ = {isa = PBXFileReference; fileEncoding = 4; lastKnownFileType = sourcecode.c.h; path = "NSObject+SPAssociatedObject.h"; sourceTree = "<group>"; };
		9674C19E1FE3C76A00A9583E /* NSDate+SPTransform.h */ = {isa = PBXFileReference; fileEncoding = 4; lastKnownFileType = sourcecode.c.h; path = "NSDate+SPTransform.h"; sourceTree = "<group>"; };
		9674C19F1FE3C76A00A9583E /* NSDate+SPTransform.m */ = {isa = PBXFileReference; fileEncoding = 4; lastKnownFileType = sourcecode.c.objc; path = "NSDate+SPTransform.m"; sourceTree = "<group>"; };
		9674C1A11FE3C9B800A9583E /* NSString+SPMultiLanguage.m */ = {isa = PBXFileReference; fileEncoding = 4; lastKnownFileType = sourcecode.c.objc; path = "NSString+SPMultiLanguage.m"; sourceTree = "<group>"; };
		9674C1A21FE3C9B800A9583E /* NSString+SPMultiLanguage.h */ = {isa = PBXFileReference; fileEncoding = 4; lastKnownFileType = sourcecode.c.h; path = "NSString+SPMultiLanguage.h"; sourceTree = "<group>"; };
		9674C1A41FE3CB0400A9583E /* NSUserDefaults+SPSafe.m */ = {isa = PBXFileReference; fileEncoding = 4; lastKnownFileType = sourcecode.c.objc; path = "NSUserDefaults+SPSafe.m"; sourceTree = "<group>"; };
		9674C1A51FE3CB0400A9583E /* NSUserDefaults+SPSafe.h */ = {isa = PBXFileReference; fileEncoding = 4; lastKnownFileType = sourcecode.c.h; path = "NSUserDefaults+SPSafe.h"; sourceTree = "<group>"; };
		9674C1A71FE3CE4E00A9583E /* SPTypeTransform.m */ = {isa = PBXFileReference; fileEncoding = 4; lastKnownFileType = sourcecode.c.objc; path = SPTypeTransform.m; sourceTree = "<group>"; };
		9674C1A81FE3CE4F00A9583E /* SPTypeTransform.h */ = {isa = PBXFileReference; fileEncoding = 4; lastKnownFileType = sourcecode.c.h; path = SPTypeTransform.h; sourceTree = "<group>"; };
		A0C3C57D2871D164A3DA8E3D /* Pods-SPCategory.release.xcconfig */ = {isa = PBXFileReference; includeInIndex = 1; lastKnownFileType = text.xcconfig; name = "Pods-SPCategory.release.xcconfig"; path = "Pods/Target Support Files/Pods-SPCategory/Pods-SPCategory.release.xcconfig"; sourceTree = "<group>"; };
		E13011651ED1C75100661705 /* SPCategory.app */ = {isa = PBXFileReference; explicitFileType = wrapper.application; includeInIndex = 0; path = SPCategory.app; sourceTree = BUILT_PRODUCTS_DIR; };
		E13011691ED1C75100661705 /* main.m */ = {isa = PBXFileReference; lastKnownFileType = sourcecode.c.objc; path = main.m; sourceTree = "<group>"; };
		E130116B1ED1C75100661705 /* AppDelegate.h */ = {isa = PBXFileReference; lastKnownFileType = sourcecode.c.h; path = AppDelegate.h; sourceTree = "<group>"; };
		E130116C1ED1C75100661705 /* AppDelegate.m */ = {isa = PBXFileReference; lastKnownFileType = sourcecode.c.objc; path = AppDelegate.m; sourceTree = "<group>"; };
		E130116E1ED1C75100661705 /* ViewController.h */ = {isa = PBXFileReference; lastKnownFileType = sourcecode.c.h; path = ViewController.h; sourceTree = "<group>"; };
		E130116F1ED1C75100661705 /* ViewController.m */ = {isa = PBXFileReference; lastKnownFileType = sourcecode.c.objc; path = ViewController.m; sourceTree = "<group>"; };
		E13011721ED1C75100661705 /* Base */ = {isa = PBXFileReference; lastKnownFileType = file.storyboard; name = Base; path = Base.lproj/Main.storyboard; sourceTree = "<group>"; };
		E13011741ED1C75100661705 /* Assets.xcassets */ = {isa = PBXFileReference; lastKnownFileType = folder.assetcatalog; path = Assets.xcassets; sourceTree = "<group>"; };
		E13011771ED1C75100661705 /* Base */ = {isa = PBXFileReference; lastKnownFileType = file.storyboard; name = Base; path = Base.lproj/LaunchScreen.storyboard; sourceTree = "<group>"; };
		E13011791ED1C75100661705 /* Info.plist */ = {isa = PBXFileReference; lastKnownFileType = text.plist.xml; path = Info.plist; sourceTree = "<group>"; };
		E1AB12881F20DE6400CA9ABD /* SPCategory.bundle */ = {isa = PBXFileReference; lastKnownFileType = "wrapper.plug-in"; path = SPCategory.bundle; sourceTree = "<group>"; };
/* End PBXFileReference section */

/* Begin PBXFrameworksBuildPhase section */
		E13011621ED1C75100661705 /* Frameworks */ = {
			isa = PBXFrameworksBuildPhase;
			buildActionMask = 2147483647;
			files = (
				6DF90F21BE83B6025A025C8E /* libPods-SPCategory.a in Frameworks */,
			);
			runOnlyForDeploymentPostprocessing = 0;
		};
/* End PBXFrameworksBuildPhase section */

/* Begin PBXGroup section */
		84AB1913AFE55D83506A2EFE /* Frameworks */ = {
			isa = PBXGroup;
			children = (
				5D4B090F07846901E60B5FE6 /* libPods-SPCategory.a */,
			);
			name = Frameworks;
			sourceTree = "<group>";
		};
		945DDC3D680560122A503DF6 /* Pods */ = {
			isa = PBXGroup;
			children = (
				0157726AEB35BFD18C1D3A74 /* Pods-SPCategory.debug.xcconfig */,
				A0C3C57D2871D164A3DA8E3D /* Pods-SPCategory.release.xcconfig */,
			);
			name = Pods;
			sourceTree = "<group>";
		};
		9669DF981FC6947B0087B5BE /* UIKit */ = {
			isa = PBXGroup;
			children = (
				1E107956246408E800E7B06A /* UIButton+SPEdges.h */,
				1E107947246408E700E7B06A /* UIButton+SPEdges.m */,
				1E10794E246408E800E7B06A /* UIButton+SPAction.h */,
				1E107948246408E700E7B06A /* UIButton+SPAction.m */,
				1E10794D246408E800E7B06A /* UICollectionView+SPNoData.h */,
				1E107953246408E800E7B06A /* UICollectionView+SPNoData.m */,
				1E107954246408E800E7B06A /* UIImage+SPBase64.h */,
				1E107952246408E800E7B06A /* UIImage+SPBase64.m */,
				1E10795A246408E900E7B06A /* UIImageView+SPAction.h */,
				1E107945246408E700E7B06A /* UIImageView+SPAction.m */,
				1E107957246408E800E7B06A /* UILabel+SPAction.h */,
				1E107955246408E800E7B06A /* UILabel+SPAction.m */,
				1E10794F246408E800E7B06A /* UITableView+SPInit.h */,
				1E107950246408E800E7B06A /* UITableView+SPInit.m */,
				1E107949246408E800E7B06A /* UITableView+SPNoData.h */,
				1E10794A246408E800E7B06A /* UITableView+SPNoData.m */,
				1E107958246408E800E7B06A /* UIView+SPAction.h */,
				1E107946246408E700E7B06A /* UIView+SPAction.m */,
				1E107951246408E800E7B06A /* UIView+SPBorder.h */,
				1E107959246408E900E7B06A /* UIView+SPBorder.m */,
				1E10794B246408E800E7B06A /* UIView+SPReuseIdentifier.h */,
				1E10794C246408E800E7B06A /* UIView+SPReuseIdentifier.m */,
				9669DF9A1FC695010087B5BE /* UIViewController+SPUIAlertController.h */,
				9669DF9B1FC695020087B5BE /* UIViewController+SPUIAlertController.m */,
				9669DF8C1FC6946F0087B5BE /* SPErrorView.h */,
				9669DF8A1FC6946F0087B5BE /* SPErrorView.m */,
				9669DF8D1FC6946F0087B5BE /* UIImage+SPGIF.h */,
				9669DF7F1FC6946E0087B5BE /* UIImage+SPGIF.m */,
				9669DF821FC6946E0087B5BE /* UIView+SPFrame.h */,
				9669DF7B1FC6946E0087B5BE /* UIView+SPFrame.m */,
				9669DF7C1FC6946E0087B5BE /* UIViewController+SPErrorView.h */,
				9669DF811FC6946E0087B5BE /* UIViewController+SPErrorView.m */,
				9669DF881FC6946E0087B5BE /* UIViewController+SPHUD.h */,
				9669DF8B1FC6946F0087B5BE /* UIViewController+SPHUD.m */,
				9669DF861FC6946E0087B5BE /* UIViewController+SPNavigationBarStyle.h */,
				9669DF831FC6946E0087B5BE /* UIViewController+SPNavigationBarStyle.m */,
				9669DF7E1FC6946E0087B5BE /* UIViewController+SPStatusBarStyle.h */,
				9669DF7D1FC6946E0087B5BE /* UIViewController+SPStatusBarStyle.m */,
				1EB5F50620204BBC00007899 /* UITableViewCell+SPReuseIdentifier.h */,
				1EB5F50720204BBC00007899 /* UITableViewCell+SPReuseIdentifier.m */,
				1E4977FE24656E8F00AE6158 /* UINavigationController+SPGestureRecognizer.h */,
				1E4977FF24656E8F00AE6158 /* UINavigationController+SPGestureRecognizer.m */,
			);
			path = UIKit;
			sourceTree = "<group>";
		};
		9669DF991FC694870087B5BE /* Foundation */ = {
			isa = PBXGroup;
			children = (
				1E1079422464082000E7B06A /* NSAttributedString+SPSize.h */,
				1E1079432464082000E7B06A /* NSAttributedString+SPSize.m */,
				9674C1A81FE3CE4F00A9583E /* SPTypeTransform.h */,
				9674C1A71FE3CE4E00A9583E /* SPTypeTransform.m */,
				9674C1A51FE3CB0400A9583E /* NSUserDefaults+SPSafe.h */,
				9674C1A41FE3CB0400A9583E /* NSUserDefaults+SPSafe.m */,
				9674C1A21FE3C9B800A9583E /* NSString+SPMultiLanguage.h */,
				9674C1A11FE3C9B800A9583E /* NSString+SPMultiLanguage.m */,
				9674C19E1FE3C76A00A9583E /* NSDate+SPTransform.h */,
				9674C19F1FE3C76A00A9583E /* NSDate+SPTransform.m */,
				9674C19C1FE3C4B200A9583E /* NSObject+SPAssociatedObject.h */,
				9674C19B1FE3C4B100A9583E /* NSObject+SPAssociatedObject.m */,
				92C4DE52231D21C00099823C /* NSObject+SPTypeOfClass.h */,
				92C4DE53231D21C00099823C /* NSObject+SPTypeOfClass.m */,
				9669DF851FC6946E0087B5BE /* NSData+SPBase64.h */,
				9669DF841FC6946E0087B5BE /* NSData+SPBase64.m */,
				9669DF891FC6946F0087B5BE /* NSString+SPEnCode.h */,
				9669DF801FC6946E0087B5BE /* NSString+SPEnCode.m */,
				9669DF871FC6946E0087B5BE /* NSString+SPSize.h */,
				9669DF7A1FC6946E0087B5BE /* NSString+SPSize.m */,
				1EDE9D0E2464219E002EB46C /* SPBlockDefine.h */,
				1E948250208F667400B5F82C /* SPCategory.h */,
			);
			path = Foundation;
			sourceTree = "<group>";
		};
		E130115C1ED1C75000661705 = {
			isa = PBXGroup;
			children = (
				E13011671ED1C75100661705 /* SPCategory */,
				E13011661ED1C75100661705 /* Products */,
				945DDC3D680560122A503DF6 /* Pods */,
				84AB1913AFE55D83506A2EFE /* Frameworks */,
			);
			sourceTree = "<group>";
		};
		E13011661ED1C75100661705 /* Products */ = {
			isa = PBXGroup;
			children = (
				E13011651ED1C75100661705 /* SPCategory.app */,
			);
			name = Products;
			sourceTree = "<group>";
		};
		E13011671ED1C75100661705 /* SPCategory */ = {
			isa = PBXGroup;
			children = (
				E1AB12851F20DE1D00CA9ABD /* Resource */,
				E130117F1ED1D7BE00661705 /* Category */,
				E130116B1ED1C75100661705 /* AppDelegate.h */,
				E130116C1ED1C75100661705 /* AppDelegate.m */,
				33A4D33F1F74E74D001CF006 /* test.gif */,
				33A4D3371F73ED5B001CF006 /* pika3.gif */,
				E130116E1ED1C75100661705 /* ViewController.h */,
				E130116F1ED1C75100661705 /* ViewController.m */,
				E13011711ED1C75100661705 /* Main.storyboard */,
				E13011741ED1C75100661705 /* Assets.xcassets */,
				E13011761ED1C75100661705 /* LaunchScreen.storyboard */,
				E13011791ED1C75100661705 /* Info.plist */,
				E13011681ED1C75100661705 /* Supporting Files */,
			);
			path = SPCategory;
			sourceTree = "<group>";
		};
		E13011681ED1C75100661705 /* Supporting Files */ = {
			isa = PBXGroup;
			children = (
				E13011691ED1C75100661705 /* main.m */,
			);
			name = "Supporting Files";
			sourceTree = "<group>";
		};
		E130117F1ED1D7BE00661705 /* Category */ = {
			isa = PBXGroup;
			children = (
				9669DF991FC694870087B5BE /* Foundation */,
				9669DF981FC6947B0087B5BE /* UIKit */,
			);
			path = Category;
			sourceTree = "<group>";
		};
		E1AB12851F20DE1D00CA9ABD /* Resource */ = {
			isa = PBXGroup;
			children = (
				E1AB12881F20DE6400CA9ABD /* SPCategory.bundle */,
			);
			path = Resource;
			sourceTree = "<group>";
		};
/* End PBXGroup section */

/* Begin PBXNativeTarget section */
		E13011641ED1C75100661705 /* SPCategory */ = {
			isa = PBXNativeTarget;
			buildConfigurationList = E130117C1ED1C75100661705 /* Build configuration list for PBXNativeTarget "SPCategory" */;
			buildPhases = (
				C9C505F3A1A978F9C0FD460F /* [CP] Check Pods Manifest.lock */,
				E13011611ED1C75100661705 /* Sources */,
				E13011621ED1C75100661705 /* Frameworks */,
				E13011631ED1C75100661705 /* Resources */,
				604BC6B76BFDC4162FF126D3 /* [CP] Embed Pods Frameworks */,
				0DBCB602071F399D7C712530 /* [CP] Copy Pods Resources */,
			);
			buildRules = (
			);
			dependencies = (
			);
			name = SPCategory;
			productName = SPCategory;
			productReference = E13011651ED1C75100661705 /* SPCategory.app */;
			productType = "com.apple.product-type.application";
		};
/* End PBXNativeTarget section */

/* Begin PBXProject section */
		E130115D1ED1C75000661705 /* Project object */ = {
			isa = PBXProject;
			attributes = {
				LastUpgradeCheck = 0830;
				ORGANIZATIONNAME = lishiping;
				TargetAttributes = {
					E13011641ED1C75100661705 = {
						CreatedOnToolsVersion = 8.3.2;
						ProvisioningStyle = Manual;
					};
				};
			};
			buildConfigurationList = E13011601ED1C75000661705 /* Build configuration list for PBXProject "SPCategory" */;
			compatibilityVersion = "Xcode 3.2";
			developmentRegion = English;
			hasScannedForEncodings = 0;
			knownRegions = (
				English,
				en,
				Base,
			);
			mainGroup = E130115C1ED1C75000661705;
			productRefGroup = E13011661ED1C75100661705 /* Products */;
			projectDirPath = "";
			projectRoot = "";
			targets = (
				E13011641ED1C75100661705 /* SPCategory */,
			);
		};
/* End PBXProject section */

/* Begin PBXResourcesBuildPhase section */
		E13011631ED1C75100661705 /* Resources */ = {
			isa = PBXResourcesBuildPhase;
			buildActionMask = 2147483647;
			files = (
				E13011781ED1C75100661705 /* LaunchScreen.storyboard in Resources */,
				33A4D3401F74E74D001CF006 /* test.gif in Resources */,
				33A4D3381F73ED5B001CF006 /* pika3.gif in Resources */,
				E13011751ED1C75100661705 /* Assets.xcassets in Resources */,
				E1AB12891F20DE6400CA9ABD /* SPCategory.bundle in Resources */,
				E13011731ED1C75100661705 /* Main.storyboard in Resources */,
			);
			runOnlyForDeploymentPostprocessing = 0;
		};
/* End PBXResourcesBuildPhase section */

/* Begin PBXShellScriptBuildPhase section */
		0DBCB602071F399D7C712530 /* [CP] Copy Pods Resources */ = {
			isa = PBXShellScriptBuildPhase;
			buildActionMask = 2147483647;
			files = (
			);
			inputPaths = (
			);
			name = "[CP] Copy Pods Resources";
			outputPaths = (
			);
			runOnlyForDeploymentPostprocessing = 0;
			shellPath = /bin/sh;
			shellScript = "\"${SRCROOT}/Pods/Target Support Files/Pods-SPCategory/Pods-SPCategory-resources.sh\"\n";
			showEnvVarsInLog = 0;
		};
		604BC6B76BFDC4162FF126D3 /* [CP] Embed Pods Frameworks */ = {
			isa = PBXShellScriptBuildPhase;
			buildActionMask = 2147483647;
			files = (
			);
			inputPaths = (
			);
			name = "[CP] Embed Pods Frameworks";
			outputPaths = (
			);
			runOnlyForDeploymentPostprocessing = 0;
			shellPath = /bin/sh;
			shellScript = "\"${SRCROOT}/Pods/Target Support Files/Pods-SPCategory/Pods-SPCategory-frameworks.sh\"\n";
			showEnvVarsInLog = 0;
		};
		C9C505F3A1A978F9C0FD460F /* [CP] Check Pods Manifest.lock */ = {
			isa = PBXShellScriptBuildPhase;
			buildActionMask = 2147483647;
			files = (
			);
			inputPaths = (
			);
			name = "[CP] Check Pods Manifest.lock";
			outputPaths = (
			);
			runOnlyForDeploymentPostprocessing = 0;
			shellPath = /bin/sh;
			shellScript = "diff \"${PODS_ROOT}/../Podfile.lock\" \"${PODS_ROOT}/Manifest.lock\" > /dev/null\nif [ $? != 0 ] ; then\n    # print error to STDERR\n    echo \"error: The sandbox is not in sync with the Podfile.lock. Run 'pod install' or update your CocoaPods installation.\" >&2\n    exit 1\nfi\n";
			showEnvVarsInLog = 0;
		};
/* End PBXShellScriptBuildPhase section */

/* Begin PBXSourcesBuildPhase section */
		E13011611ED1C75100661705 /* Sources */ = {
			isa = PBXSourcesBuildPhase;
			buildActionMask = 2147483647;
			files = (
				9669DF961FC6946F0087B5BE /* SPErrorView.m in Sources */,
				1E10795C246408E900E7B06A /* UIView+SPAction.m in Sources */,
				9674C1A91FE3CE4F00A9583E /* SPTypeTransform.m in Sources */,
				9669DF971FC6946F0087B5BE /* UIViewController+SPHUD.m in Sources */,
				E13011701ED1C75100661705 /* ViewController.m in Sources */,
				92C4DE54231D21C00099823C /* NSObject+SPTypeOfClass.m in Sources */,
				1EB5F50820204BBC00007899 /* UITableViewCell+SPReuseIdentifier.m in Sources */,
				1E107963246408E900E7B06A /* UICollectionView+SPNoData.m in Sources */,
				9674C1A01FE3C76A00A9583E /* NSDate+SPTransform.m in Sources */,
				9669DF8E1FC6946F0087B5BE /* NSString+SPSize.m in Sources */,
				9669DF921FC6946F0087B5BE /* NSString+SPEnCode.m in Sources */,
				1E107965246408E900E7B06A /* UIView+SPBorder.m in Sources */,
				E130116D1ED1C75100661705 /* AppDelegate.m in Sources */,
				1E10795B246408E900E7B06A /* UIImageView+SPAction.m in Sources */,
				9669DF911FC6946F0087B5BE /* UIImage+SPGIF.m in Sources */,
				9674C1A61FE3CB0500A9583E /* NSUserDefaults+SPSafe.m in Sources */,
				9669DF931FC6946F0087B5BE /* UIViewController+SPErrorView.m in Sources */,
				1E10795F246408E900E7B06A /* UITableView+SPNoData.m in Sources */,
				9669DF901FC6946F0087B5BE /* UIViewController+SPStatusBarStyle.m in Sources */,
				E130116A1ED1C75100661705 /* main.m in Sources */,
				9674C1A31FE3C9B900A9583E /* NSString+SPMultiLanguage.m in Sources */,
				1E10795E246408E900E7B06A /* UIButton+SPAction.m in Sources */,
				9669DF9C1FC695020087B5BE /* UIViewController+SPUIAlertController.m in Sources */,
				1E10795D246408E900E7B06A /* UIButton+SPEdges.m in Sources */,
				1E49780024656E8F00AE6158 /* UINavigationController+SPGestureRecognizer.m in Sources */,
				1E107964246408E900E7B06A /* UILabel+SPAction.m in Sources */,
				1E1079442464082000E7B06A /* NSAttributedString+SPSize.m in Sources */,
				1E107962246408E900E7B06A /* UIImage+SPBase64.m in Sources */,
				1E107961246408E900E7B06A /* UITableView+SPInit.m in Sources */,
				9669DF951FC6946F0087B5BE /* NSData+SPBase64.m in Sources */,
				9674C19D1FE3C4B300A9583E /* NSObject+SPAssociatedObject.m in Sources */,
				9669DF8F1FC6946F0087B5BE /* UIView+SPFrame.m in Sources */,
				9669DF941FC6946F0087B5BE /* UIViewController+SPNavigationBarStyle.m in Sources */,
				1E107960246408E900E7B06A /* UIView+SPReuseIdentifier.m in Sources */,
			);
			runOnlyForDeploymentPostprocessing = 0;
		};
/* End PBXSourcesBuildPhase section */

/* Begin PBXVariantGroup section */
		E13011711ED1C75100661705 /* Main.storyboard */ = {
			isa = PBXVariantGroup;
			children = (
				E13011721ED1C75100661705 /* Base */,
			);
			name = Main.storyboard;
			sourceTree = "<group>";
		};
		E13011761ED1C75100661705 /* LaunchScreen.storyboard */ = {
			isa = PBXVariantGroup;
			children = (
				E13011771ED1C75100661705 /* Base */,
			);
			name = LaunchScreen.storyboard;
			sourceTree = "<group>";
		};
/* End PBXVariantGroup section */

/* Begin XCBuildConfiguration section */
		E130117A1ED1C75100661705 /* Debug */ = {
			isa = XCBuildConfiguration;
			buildSettings = {
				ALWAYS_SEARCH_USER_PATHS = NO;
				CLANG_ANALYZER_NONNULL = YES;
				CLANG_ANALYZER_NUMBER_OBJECT_CONVERSION = YES_AGGRESSIVE;
				CLANG_CXX_LANGUAGE_STANDARD = "gnu++0x";
				CLANG_CXX_LIBRARY = "libc++";
				CLANG_ENABLE_MODULES = YES;
				CLANG_ENABLE_OBJC_ARC = YES;
				CLANG_WARN_BOOL_CONVERSION = YES;
				CLANG_WARN_CONSTANT_CONVERSION = YES;
				CLANG_WARN_DIRECT_OBJC_ISA_USAGE = YES_ERROR;
				CLANG_WARN_DOCUMENTATION_COMMENTS = YES;
				CLANG_WARN_EMPTY_BODY = YES;
				CLANG_WARN_ENUM_CONVERSION = YES;
				CLANG_WARN_INFINITE_RECURSION = YES;
				CLANG_WARN_INT_CONVERSION = YES;
				CLANG_WARN_OBJC_ROOT_CLASS = YES_ERROR;
				CLANG_WARN_SUSPICIOUS_MOVE = YES;
				CLANG_WARN_UNREACHABLE_CODE = YES;
				CLANG_WARN__DUPLICATE_METHOD_MATCH = YES;
				"CODE_SIGN_IDENTITY[sdk=iphoneos*]" = "iPhone Developer";
				COPY_PHASE_STRIP = NO;
				DEBUG_INFORMATION_FORMAT = dwarf;
				ENABLE_STRICT_OBJC_MSGSEND = YES;
				ENABLE_TESTABILITY = YES;
				GCC_C_LANGUAGE_STANDARD = gnu99;
				GCC_DYNAMIC_NO_PIC = NO;
				GCC_NO_COMMON_BLOCKS = YES;
				GCC_OPTIMIZATION_LEVEL = 0;
				GCC_PREPROCESSOR_DEFINITIONS = (
					"DEBUG=1",
					"$(inherited)",
				);
				GCC_WARN_64_TO_32_BIT_CONVERSION = YES;
				GCC_WARN_ABOUT_RETURN_TYPE = YES_ERROR;
				GCC_WARN_UNDECLARED_SELECTOR = YES;
				GCC_WARN_UNINITIALIZED_AUTOS = YES_AGGRESSIVE;
				GCC_WARN_UNUSED_FUNCTION = YES;
				GCC_WARN_UNUSED_VARIABLE = YES;
				IPHONEOS_DEPLOYMENT_TARGET = 7.0;
				MTL_ENABLE_DEBUG_INFO = YES;
				ONLY_ACTIVE_ARCH = YES;
				SDKROOT = iphoneos;
				TARGETED_DEVICE_FAMILY = "1,2";
			};
			name = Debug;
		};
		E130117B1ED1C75100661705 /* Release */ = {
			isa = XCBuildConfiguration;
			buildSettings = {
				ALWAYS_SEARCH_USER_PATHS = NO;
				CLANG_ANALYZER_NONNULL = YES;
				CLANG_ANALYZER_NUMBER_OBJECT_CONVERSION = YES_AGGRESSIVE;
				CLANG_CXX_LANGUAGE_STANDARD = "gnu++0x";
				CLANG_CXX_LIBRARY = "libc++";
				CLANG_ENABLE_MODULES = YES;
				CLANG_ENABLE_OBJC_ARC = YES;
				CLANG_WARN_BOOL_CONVERSION = YES;
				CLANG_WARN_CONSTANT_CONVERSION = YES;
				CLANG_WARN_DIRECT_OBJC_ISA_USAGE = YES_ERROR;
				CLANG_WARN_DOCUMENTATION_COMMENTS = YES;
				CLANG_WARN_EMPTY_BODY = YES;
				CLANG_WARN_ENUM_CONVERSION = YES;
				CLANG_WARN_INFINITE_RECURSION = YES;
				CLANG_WARN_INT_CONVERSION = YES;
				CLANG_WARN_OBJC_ROOT_CLASS = YES_ERROR;
				CLANG_WARN_SUSPICIOUS_MOVE = YES;
				CLANG_WARN_UNREACHABLE_CODE = YES;
				CLANG_WARN__DUPLICATE_METHOD_MATCH = YES;
				"CODE_SIGN_IDENTITY[sdk=iphoneos*]" = "iPhone Developer";
				COPY_PHASE_STRIP = NO;
				DEBUG_INFORMATION_FORMAT = "dwarf-with-dsym";
				ENABLE_NS_ASSERTIONS = NO;
				ENABLE_STRICT_OBJC_MSGSEND = YES;
				GCC_C_LANGUAGE_STANDARD = gnu99;
				GCC_NO_COMMON_BLOCKS = YES;
				GCC_WARN_64_TO_32_BIT_CONVERSION = YES;
				GCC_WARN_ABOUT_RETURN_TYPE = YES_ERROR;
				GCC_WARN_UNDECLARED_SELECTOR = YES;
				GCC_WARN_UNINITIALIZED_AUTOS = YES_AGGRESSIVE;
				GCC_WARN_UNUSED_FUNCTION = YES;
				GCC_WARN_UNUSED_VARIABLE = YES;
				IPHONEOS_DEPLOYMENT_TARGET = 7.0;
				MTL_ENABLE_DEBUG_INFO = NO;
				SDKROOT = iphoneos;
				TARGETED_DEVICE_FAMILY = "1,2";
				VALIDATE_PRODUCT = YES;
			};
			name = Release;
		};
		E130117D1ED1C75100661705 /* Debug */ = {
			isa = XCBuildConfiguration;
			baseConfigurationReference = 0157726AEB35BFD18C1D3A74 /* Pods-SPCategory.debug.xcconfig */;
			buildSettings = {
				ASSETCATALOG_COMPILER_APPICON_NAME = AppIcon;
				CODE_SIGN_STYLE = Manual;
				DEVELOPMENT_TEAM = "";
				INFOPLIST_FILE = SPCategory/Info.plist;
				IPHONEOS_DEPLOYMENT_TARGET = 7.0;
				LD_RUNPATH_SEARCH_PATHS = "$(inherited) @executable_path/Frameworks";
				PRODUCT_BUNDLE_IDENTIFIER = com.lishiping.SPCategory;
				PRODUCT_NAME = "$(TARGET_NAME)";
				PROVISIONING_PROFILE_SPECIFIER = "";
			};
			name = Debug;
		};
		E130117E1ED1C75100661705 /* Release */ = {
			isa = XCBuildConfiguration;
			baseConfigurationReference = A0C3C57D2871D164A3DA8E3D /* Pods-SPCategory.release.xcconfig */;
			buildSettings = {
				ASSETCATALOG_COMPILER_APPICON_NAME = AppIcon;
				CODE_SIGN_STYLE = Manual;
				DEVELOPMENT_TEAM = "";
				INFOPLIST_FILE = SPCategory/Info.plist;
				IPHONEOS_DEPLOYMENT_TARGET = 7.0;
				LD_RUNPATH_SEARCH_PATHS = "$(inherited) @executable_path/Frameworks";
				PRODUCT_BUNDLE_IDENTIFIER = com.lishiping.SPCategory;
				PRODUCT_NAME = "$(TARGET_NAME)";
				PROVISIONING_PROFILE_SPECIFIER = "";
			};
			name = Release;
		};
/* End XCBuildConfiguration section */

/* Begin XCConfigurationList section */
		E13011601ED1C75000661705 /* Build configuration list for PBXProject "SPCategory" */ = {
			isa = XCConfigurationList;
			buildConfigurations = (
				E130117A1ED1C75100661705 /* Debug */,
				E130117B1ED1C75100661705 /* Release */,
			);
			defaultConfigurationIsVisible = 0;
			defaultConfigurationName = Release;
		};
		E130117C1ED1C75100661705 /* Build configuration list for PBXNativeTarget "SPCategory" */ = {
			isa = XCConfigurationList;
			buildConfigurations = (
				E130117D1ED1C75100661705 /* Debug */,
				E130117E1ED1C75100661705 /* Release */,
			);
			defaultConfigurationIsVisible = 0;
			defaultConfigurationName = Release;
		};
/* End XCConfigurationList section */
	};
	rootObject = E130115D1ED1C75000661705 /* Project object */;
}
